// !$*UTF8*$!
{
	archiveVersion = 1;
	classes = {
	};
	objectVersion = 46;
	objects = {

/* Begin PBXBuildFile section */
		7A473F871F8A5816005DBA23 /* PhotosModel.swift in Sources */ = {isa = PBXBuildFile; fileRef = 7A473F861F8A5816005DBA23 /* PhotosModel.swift */; };
		7A6255B11F76A60700B69102 /* OC_GLMain.mm in Sources */ = {isa = PBXBuildFile; fileRef = 7A6255B01F76A60700B69102 /* OC_GLMain.mm */; };
		7A69AFE71F6EEBE800D41E27 /* GLMain.cpp in Sources */ = {isa = PBXBuildFile; fileRef = 7A69AFE61F6EEBE800D41E27 /* GLMain.cpp */; };
		7A69AFF21F6EEBF800D41E27 /* GLMesh.cpp in Sources */ = {isa = PBXBuildFile; fileRef = 7A69AFEA1F6EEBF800D41E27 /* GLMesh.cpp */; };
		7A69AFF31F6EEBF800D41E27 /* GLObjects.cpp in Sources */ = {isa = PBXBuildFile; fileRef = 7A69AFEC1F6EEBF800D41E27 /* GLObjects.cpp */; };
		7A9851341F8A7A650038286C /* RxSwift.framework in Frameworks */ = {isa = PBXBuildFile; fileRef = 7A98510B1F8A7A520038286C /* RxSwift.framework */; };
		7ABE94E41E114CFF00B37597 /* AppDelegate.swift in Sources */ = {isa = PBXBuildFile; fileRef = 7ABE94E31E114CFF00B37597 /* AppDelegate.swift */; };
		7ABE94EA1E114CFF00B37597 /* GameViewController.swift in Sources */ = {isa = PBXBuildFile; fileRef = 7ABE94E91E114CFF00B37597 /* GameViewController.swift */; };
		7ABE94ED1E114D0000B37597 /* Main.storyboard in Resources */ = {isa = PBXBuildFile; fileRef = 7ABE94EB1E114D0000B37597 /* Main.storyboard */; };
		7ABE94EF1E114D0000B37597 /* Assets.xcassets in Resources */ = {isa = PBXBuildFile; fileRef = 7ABE94EE1E114D0000B37597 /* Assets.xcassets */; };
		7ABE94F21E114D0000B37597 /* LaunchScreen.storyboard in Resources */ = {isa = PBXBuildFile; fileRef = 7ABE94F01E114D0000B37597 /* LaunchScreen.storyboard */; };
		7ABE94FD1E114D0000B37597 /* GameProtoTests.swift in Sources */ = {isa = PBXBuildFile; fileRef = 7ABE94FC1E114D0000B37597 /* GameProtoTests.swift */; };
		7ABE95081E114D0000B37597 /* GameProtoUITests.swift in Sources */ = {isa = PBXBuildFile; fileRef = 7ABE95071E114D0000B37597 /* GameProtoUITests.swift */; };
/* End PBXBuildFile section */

/* Begin PBXContainerItemProxy section */
		7A98510A1F8A7A520038286C /* PBXContainerItemProxy */ = {
			isa = PBXContainerItemProxy;
			containerPortal = 7A9850F21F8A7A520038286C /* Rx.xcodeproj */;
			proxyType = 2;
			remoteGlobalIDString = C8A56AD71AD7424700B4673B;
			remoteInfo = "RxSwift-iOS";
		};
		7A98510C1F8A7A520038286C /* PBXContainerItemProxy */ = {
			isa = PBXContainerItemProxy;
			containerPortal = 7A9850F21F8A7A520038286C /* Rx.xcodeproj */;
			proxyType = 2;
			remoteGlobalIDString = C88BB8711B07E5ED0064D411;
			remoteInfo = "RxSwift-macOS";
		};
		7A98510E1F8A7A520038286C /* PBXContainerItemProxy */ = {
			isa = PBXContainerItemProxy;
			containerPortal = 7A9850F21F8A7A520038286C /* Rx.xcodeproj */;
			proxyType = 2;
			remoteGlobalIDString = D2EA280C1BB9B5A200880ED3;
			remoteInfo = "RxSwift-tvOS";
		};
		7A9851101F8A7A520038286C /* PBXContainerItemProxy */ = {
			isa = PBXContainerItemProxy;
			containerPortal = 7A9850F21F8A7A520038286C /* Rx.xcodeproj */;
			proxyType = 2;
			remoteGlobalIDString = C8F0C0021BBBFB8B001B112F;
			remoteInfo = "RxSwift-watchOS";
		};
		7A9851121F8A7A520038286C /* PBXContainerItemProxy */ = {
			isa = PBXContainerItemProxy;
			containerPortal = 7A9850F21F8A7A520038286C /* Rx.xcodeproj */;
			proxyType = 2;
			remoteGlobalIDString = C809396D1B8A71760088E94D;
			remoteInfo = "RxCocoa-iOS";
		};
		7A9851141F8A7A520038286C /* PBXContainerItemProxy */ = {
			isa = PBXContainerItemProxy;
			containerPortal = 7A9850F21F8A7A520038286C /* Rx.xcodeproj */;
			proxyType = 2;
			remoteGlobalIDString = C80939E71B8A71840088E94D;
			remoteInfo = "RxCocoa-macOS";
		};
		7A9851161F8A7A520038286C /* PBXContainerItemProxy */ = {
			isa = PBXContainerItemProxy;
			containerPortal = 7A9850F21F8A7A520038286C /* Rx.xcodeproj */;
			proxyType = 2;
			remoteGlobalIDString = D2138C751BB9BE9800339B5C;
			remoteInfo = "RxCocoa-tvOS";
		};
		7A9851181F8A7A520038286C /* PBXContainerItemProxy */ = {
			isa = PBXContainerItemProxy;
			containerPortal = 7A9850F21F8A7A520038286C /* Rx.xcodeproj */;
			proxyType = 2;
			remoteGlobalIDString = C8F0C04B1BBBFBB9001B112F;
			remoteInfo = "RxCocoa-watchOS";
		};
		7A98511A1F8A7A520038286C /* PBXContainerItemProxy */ = {
			isa = PBXContainerItemProxy;
			containerPortal = 7A9850F21F8A7A520038286C /* Rx.xcodeproj */;
			proxyType = 2;
			remoteGlobalIDString = C8093BC71B8A71F00088E94D;
			remoteInfo = "RxBlocking-iOS";
		};
		7A98511C1F8A7A520038286C /* PBXContainerItemProxy */ = {
			isa = PBXContainerItemProxy;
			containerPortal = 7A9850F21F8A7A520038286C /* Rx.xcodeproj */;
			proxyType = 2;
			remoteGlobalIDString = C8093C451B8A71FC0088E94D;
			remoteInfo = "RxBlocking-macOS";
		};
		7A98511E1F8A7A520038286C /* PBXContainerItemProxy */ = {
			isa = PBXContainerItemProxy;
			containerPortal = 7A9850F21F8A7A520038286C /* Rx.xcodeproj */;
			proxyType = 2;
			remoteGlobalIDString = D2EBEB811BB9B99D003A27DC;
			remoteInfo = "RxBlocking-tvOS";
		};
		7A9851201F8A7A520038286C /* PBXContainerItemProxy */ = {
			isa = PBXContainerItemProxy;
			containerPortal = 7A9850F21F8A7A520038286C /* Rx.xcodeproj */;
			proxyType = 2;
			remoteGlobalIDString = C8F0C0581BBBFBCE001B112F;
			remoteInfo = "RxBlocking-watchOS";
		};
		7A9851221F8A7A520038286C /* PBXContainerItemProxy */ = {
			isa = PBXContainerItemProxy;
			containerPortal = 7A9850F21F8A7A520038286C /* Rx.xcodeproj */;
			proxyType = 2;
			remoteGlobalIDString = C88FA50C1C25C44800CCFEA4;
			remoteInfo = "RxTest-iOS";
		};
		7A9851241F8A7A520038286C /* PBXContainerItemProxy */ = {
			isa = PBXContainerItemProxy;
			containerPortal = 7A9850F21F8A7A520038286C /* Rx.xcodeproj */;
			proxyType = 2;
			remoteGlobalIDString = C88FA51D1C25C4B500CCFEA4;
			remoteInfo = "RxTest-macOS";
		};
		7A9851261F8A7A520038286C /* PBXContainerItemProxy */ = {
			isa = PBXContainerItemProxy;
			containerPortal = 7A9850F21F8A7A520038286C /* Rx.xcodeproj */;
			proxyType = 2;
			remoteGlobalIDString = C88FA52E1C25C4C000CCFEA4;
			remoteInfo = "RxTest-tvOS";
		};
		7A9851281F8A7A520038286C /* PBXContainerItemProxy */ = {
			isa = PBXContainerItemProxy;
			containerPortal = 7A9850F21F8A7A520038286C /* Rx.xcodeproj */;
			proxyType = 2;
			remoteGlobalIDString = C88FA53F1C25C4CC00CCFEA4;
			remoteInfo = "RxTest-watchOS";
		};
		7A98512A1F8A7A520038286C /* PBXContainerItemProxy */ = {
			isa = PBXContainerItemProxy;
			containerPortal = 7A9850F21F8A7A520038286C /* Rx.xcodeproj */;
			proxyType = 2;
			remoteGlobalIDString = C83508C31C386F6F0027C24C;
			remoteInfo = "AllTests-iOS";
		};
		7A98512C1F8A7A520038286C /* PBXContainerItemProxy */ = {
			isa = PBXContainerItemProxy;
			containerPortal = 7A9850F21F8A7A520038286C /* Rx.xcodeproj */;
			proxyType = 2;
			remoteGlobalIDString = C83509841C38740E0027C24C;
			remoteInfo = "AllTests-tvOS";
		};
		7A98512E1F8A7A520038286C /* PBXContainerItemProxy */ = {
			isa = PBXContainerItemProxy;
			containerPortal = 7A9850F21F8A7A520038286C /* Rx.xcodeproj */;
			proxyType = 2;
			remoteGlobalIDString = C83509941C38742C0027C24C;
			remoteInfo = "AllTests-macOS";
		};
		7A9851301F8A7A520038286C /* PBXContainerItemProxy */ = {
			isa = PBXContainerItemProxy;
			containerPortal = 7A9850F21F8A7A520038286C /* Rx.xcodeproj */;
			proxyType = 2;
			remoteGlobalIDString = C85BA04B1C3878740075D68E;
			remoteInfo = Microoptimizations;
		};
		7A9851321F8A7A520038286C /* PBXContainerItemProxy */ = {
			isa = PBXContainerItemProxy;
			containerPortal = 7A9850F21F8A7A520038286C /* Rx.xcodeproj */;
			proxyType = 2;
			remoteGlobalIDString = C8E8BA551E2C181A00A4AC2C;
			remoteInfo = Benchmarks;
		};
		7ABE94F91E114D0000B37597 /* PBXContainerItemProxy */ = {
			isa = PBXContainerItemProxy;
			containerPortal = 7ABE94D81E114CFF00B37597 /* Project object */;
			proxyType = 1;
			remoteGlobalIDString = 7ABE94DF1E114CFF00B37597;
			remoteInfo = GameProto;
		};
		7ABE95041E114D0000B37597 /* PBXContainerItemProxy */ = {
			isa = PBXContainerItemProxy;
			containerPortal = 7ABE94D81E114CFF00B37597 /* Project object */;
			proxyType = 1;
			remoteGlobalIDString = 7ABE94DF1E114CFF00B37597;
			remoteInfo = GameProto;
		};
/* End PBXContainerItemProxy section */

/* Begin PBXFileReference section */
		7A0EF5101F76D8B90075E031 /* Log.h */ = {isa = PBXFileReference; fileEncoding = 4; lastKnownFileType = sourcecode.c.h; name = Log.h; path = myGlUtil/src/Log.h; sourceTree = "<group>"; };
		7A3CEFAE1F809B3E00E54D93 /* GLShader.h */ = {isa = PBXFileReference; lastKnownFileType = sourcecode.c.h; name = GLShader.h; path = myGlUtil/src/graphics/GLShader.h; sourceTree = "<group>"; };
		7A46B4DD1F77BD2400A950D4 /* GLMatrix4.h */ = {isa = PBXFileReference; fileEncoding = 4; lastKnownFileType = sourcecode.c.h; name = GLMatrix4.h; path = myGlUtil/src/math/GLMatrix4.h; sourceTree = "<group>"; };
		7A46B4DE1F77BD2400A950D4 /* GLVector3.h */ = {isa = PBXFileReference; fileEncoding = 4; lastKnownFileType = sourcecode.c.h; name = GLVector3.h; path = myGlUtil/src/math/GLVector3.h; sourceTree = "<group>"; };
		7A46B4DF1F77BD9B00A950D4 /* GLVector4.h */ = {isa = PBXFileReference; fileEncoding = 4; lastKnownFileType = sourcecode.c.h; name = GLVector4.h; path = myGlUtil/src/math/GLVector4.h; sourceTree = "<group>"; };
		7A46B4E01F77DC0800A950D4 /* GLQuaternion.h */ = {isa = PBXFileReference; fileEncoding = 4; lastKnownFileType = sourcecode.c.h; name = GLQuaternion.h; path = myGlUtil/src/math/GLQuaternion.h; sourceTree = "<group>"; };
		7A46B4E11F77F32600A950D4 /* ColorShader.h */ = {isa = PBXFileReference; fileEncoding = 4; lastKnownFileType = sourcecode.c.h; name = ColorShader.h; path = myGlUtil/src/graphics/ColorShader.h; sourceTree = "<group>"; };
		7A473F861F8A5816005DBA23 /* PhotosModel.swift */ = {isa = PBXFileReference; lastKnownFileType = sourcecode.swift; path = PhotosModel.swift; sourceTree = "<group>"; };
		7A6255AE1F76A55100B69102 /* SpriteShader.h */ = {isa = PBXFileReference; lastKnownFileType = sourcecode.c.h; name = SpriteShader.h; path = myGlUtil/src/graphics/SpriteShader.h; sourceTree = "<group>"; };
		7A6255AF1F76A60700B69102 /* OC_GLMain.h */ = {isa = PBXFileReference; fileEncoding = 4; lastKnownFileType = sourcecode.c.h; name = OC_GLMain.h; path = cpp/OC_GLMain.h; sourceTree = "<group>"; };
		7A6255B01F76A60700B69102 /* OC_GLMain.mm */ = {isa = PBXFileReference; fileEncoding = 4; lastKnownFileType = sourcecode.cpp.objcpp; name = OC_GLMain.mm; path = cpp/OC_GLMain.mm; sourceTree = "<group>"; };
		7A69AFE61F6EEBE800D41E27 /* GLMain.cpp */ = {isa = PBXFileReference; fileEncoding = 4; lastKnownFileType = sourcecode.cpp.cpp; name = GLMain.cpp; path = myGlUtil/src/graphics/GLMain.cpp; sourceTree = "<group>"; };
		7A69AFE81F6EEBF800D41E27 /* gl_lib.h */ = {isa = PBXFileReference; fileEncoding = 4; lastKnownFileType = sourcecode.c.h; name = gl_lib.h; path = myGlUtil/src/graphics/gl_lib.h; sourceTree = "<group>"; };
		7A69AFE91F6EEBF800D41E27 /* GLMain.h */ = {isa = PBXFileReference; fileEncoding = 4; lastKnownFileType = sourcecode.c.h; name = GLMain.h; path = myGlUtil/src/graphics/GLMain.h; sourceTree = "<group>"; };
		7A69AFEA1F6EEBF800D41E27 /* GLMesh.cpp */ = {isa = PBXFileReference; fileEncoding = 4; lastKnownFileType = sourcecode.cpp.cpp; name = GLMesh.cpp; path = myGlUtil/src/graphics/GLMesh.cpp; sourceTree = "<group>"; };
		7A69AFEB1F6EEBF800D41E27 /* GLMesh.h */ = {isa = PBXFileReference; fileEncoding = 4; lastKnownFileType = sourcecode.c.h; name = GLMesh.h; path = myGlUtil/src/graphics/GLMesh.h; sourceTree = "<group>"; };
		7A69AFEC1F6EEBF800D41E27 /* GLObjects.cpp */ = {isa = PBXFileReference; fileEncoding = 4; lastKnownFileType = sourcecode.cpp.cpp; name = GLObjects.cpp; path = myGlUtil/src/graphics/GLObjects.cpp; sourceTree = "<group>"; };
		7A69AFED1F6EEBF800D41E27 /* GLObjects.h */ = {isa = PBXFileReference; fileEncoding = 4; lastKnownFileType = sourcecode.c.h; name = GLObjects.h; path = myGlUtil/src/graphics/GLObjects.h; sourceTree = "<group>"; };
		7A69AFEE1F6EEBF800D41E27 /* GLObjectsData.h */ = {isa = PBXFileReference; fileEncoding = 4; lastKnownFileType = sourcecode.c.h; name = GLObjectsData.h; path = myGlUtil/src/graphics/GLObjectsData.h; sourceTree = "<group>"; };
		7A69AFEF1F6EEBF800D41E27 /* ShaderAttribDef.h */ = {isa = PBXFileReference; fileEncoding = 4; lastKnownFileType = sourcecode.c.h; name = ShaderAttribDef.h; path = myGlUtil/src/graphics/ShaderAttribDef.h; sourceTree = "<group>"; };
		7A69AFF01F6EEBF800D41E27 /* Vertex.h */ = {isa = PBXFileReference; fileEncoding = 4; lastKnownFileType = sourcecode.c.h; name = Vertex.h; path = myGlUtil/src/graphics/Vertex.h; sourceTree = "<group>"; };
		7A69AFF11F6EEBF800D41E27 /* VideoTextureShader.h */ = {isa = PBXFileReference; fileEncoding = 4; lastKnownFileType = sourcecode.c.h; name = VideoTextureShader.h; path = myGlUtil/src/graphics/VideoTextureShader.h; sourceTree = "<group>"; };
		7A94DB671FC094E900B261D6 /* TextureShader.h */ = {isa = PBXFileReference; lastKnownFileType = sourcecode.c.h; name = TextureShader.h; path = myGlUtil/src/graphics/TextureShader.h; sourceTree = "<group>"; };
		7A9850F21F8A7A520038286C /* Rx.xcodeproj */ = {isa = PBXFileReference; lastKnownFileType = "wrapper.pb-project"; name = Rx.xcodeproj; path = RxSwift/Rx.xcodeproj; sourceTree = "<group>"; };
		7AB122DB1E12C7390034AFA1 /* GameProto-Bridging-Header.h */ = {isa = PBXFileReference; lastKnownFileType = sourcecode.c.h; path = "GameProto-Bridging-Header.h"; sourceTree = "<group>"; };
		7ABE94E01E114CFF00B37597 /* GameProto.app */ = {isa = PBXFileReference; explicitFileType = wrapper.application; includeInIndex = 0; path = GameProto.app; sourceTree = BUILT_PRODUCTS_DIR; };
		7ABE94E31E114CFF00B37597 /* AppDelegate.swift */ = {isa = PBXFileReference; lastKnownFileType = sourcecode.swift; path = AppDelegate.swift; sourceTree = "<group>"; };
		7ABE94E91E114CFF00B37597 /* GameViewController.swift */ = {isa = PBXFileReference; lastKnownFileType = sourcecode.swift; path = GameViewController.swift; sourceTree = "<group>"; };
		7ABE94EC1E114D0000B37597 /* Base */ = {isa = PBXFileReference; lastKnownFileType = file.storyboard; name = Base; path = Base.lproj/Main.storyboard; sourceTree = "<group>"; };
		7ABE94EE1E114D0000B37597 /* Assets.xcassets */ = {isa = PBXFileReference; lastKnownFileType = folder.assetcatalog; path = Assets.xcassets; sourceTree = "<group>"; };
		7ABE94F11E114D0000B37597 /* Base */ = {isa = PBXFileReference; lastKnownFileType = file.storyboard; name = Base; path = Base.lproj/LaunchScreen.storyboard; sourceTree = "<group>"; };
		7ABE94F31E114D0000B37597 /* Info.plist */ = {isa = PBXFileReference; lastKnownFileType = text.plist.xml; path = Info.plist; sourceTree = "<group>"; };
		7ABE94F81E114D0000B37597 /* GameProtoTests.xctest */ = {isa = PBXFileReference; explicitFileType = wrapper.cfbundle; includeInIndex = 0; path = GameProtoTests.xctest; sourceTree = BUILT_PRODUCTS_DIR; };
		7ABE94FC1E114D0000B37597 /* GameProtoTests.swift */ = {isa = PBXFileReference; lastKnownFileType = sourcecode.swift; path = GameProtoTests.swift; sourceTree = "<group>"; };
		7ABE94FE1E114D0000B37597 /* Info.plist */ = {isa = PBXFileReference; lastKnownFileType = text.plist.xml; path = Info.plist; sourceTree = "<group>"; };
		7ABE95031E114D0000B37597 /* GameProtoUITests.xctest */ = {isa = PBXFileReference; explicitFileType = wrapper.cfbundle; includeInIndex = 0; path = GameProtoUITests.xctest; sourceTree = BUILT_PRODUCTS_DIR; };
		7ABE95071E114D0000B37597 /* GameProtoUITests.swift */ = {isa = PBXFileReference; lastKnownFileType = sourcecode.swift; path = GameProtoUITests.swift; sourceTree = "<group>"; };
		7ABE95091E114D0000B37597 /* Info.plist */ = {isa = PBXFileReference; lastKnownFileType = text.plist.xml; path = Info.plist; sourceTree = "<group>"; };
/* End PBXFileReference section */

/* Begin PBXFrameworksBuildPhase section */
		7ABE94DD1E114CFF00B37597 /* Frameworks */ = {
			isa = PBXFrameworksBuildPhase;
			buildActionMask = 2147483647;
			files = (
				7A9851341F8A7A650038286C /* RxSwift.framework in Frameworks */,
			);
			runOnlyForDeploymentPostprocessing = 0;
		};
		7ABE94F51E114D0000B37597 /* Frameworks */ = {
			isa = PBXFrameworksBuildPhase;
			buildActionMask = 2147483647;
			files = (
			);
			runOnlyForDeploymentPostprocessing = 0;
		};
		7ABE95001E114D0000B37597 /* Frameworks */ = {
			isa = PBXFrameworksBuildPhase;
			buildActionMask = 2147483647;
			files = (
			);
			runOnlyForDeploymentPostprocessing = 0;
		};
/* End PBXFrameworksBuildPhase section */

/* Begin PBXGroup section */
		7A46B4DC1F77BD0500A950D4 /* math */ = {
			isa = PBXGroup;
			children = (
				7A46B4E01F77DC0800A950D4 /* GLQuaternion.h */,
				7A46B4DF1F77BD9B00A950D4 /* GLVector4.h */,
				7A46B4DD1F77BD2400A950D4 /* GLMatrix4.h */,
				7A46B4DE1F77BD2400A950D4 /* GLVector3.h */,
			);
			name = math;
			sourceTree = "<group>";
		};
		7A9850F11F8A7A510038286C /* Frameworks */ = {
			isa = PBXGroup;
			children = (
				7A9850F21F8A7A520038286C /* Rx.xcodeproj */,
			);
			name = Frameworks;
			sourceTree = "<group>";
		};
		7A9850F31F8A7A520038286C /* Products */ = {
			isa = PBXGroup;
			children = (
				7A98510B1F8A7A520038286C /* RxSwift.framework */,
				7A98510D1F8A7A520038286C /* RxSwift.framework */,
				7A98510F1F8A7A520038286C /* RxSwift.framework */,
				7A9851111F8A7A520038286C /* RxSwift.framework */,
				7A9851131F8A7A520038286C /* RxCocoa.framework */,
				7A9851151F8A7A520038286C /* RxCocoa.framework */,
				7A9851171F8A7A520038286C /* RxCocoa.framework */,
				7A9851191F8A7A520038286C /* RxCocoa.framework */,
				7A98511B1F8A7A520038286C /* RxBlocking.framework */,
				7A98511D1F8A7A520038286C /* RxBlocking.framework */,
				7A98511F1F8A7A520038286C /* RxBlocking.framework */,
				7A9851211F8A7A520038286C /* RxBlocking.framework */,
				7A9851231F8A7A520038286C /* RxTest.framework */,
				7A9851251F8A7A520038286C /* RxTest.framework */,
				7A9851271F8A7A520038286C /* RxTest.framework */,
				7A9851291F8A7A520038286C /* RxTest.framework */,
				7A98512B1F8A7A520038286C /* AllTests-iOS.xctest */,
				7A98512D1F8A7A520038286C /* AllTests-tvOS.xctest */,
				7A98512F1F8A7A520038286C /* AllTests-macOS.xctest */,
				7A9851311F8A7A520038286C /* PerformanceTests.app */,
				7A9851331F8A7A520038286C /* Benchmarks.xctest */,
			);
			name = Products;
			sourceTree = "<group>";
		};
		7AB122DA1E12C6FF0034AFA1 /* cpp */ = {
			isa = PBXGroup;
			children = (
				7A6255AF1F76A60700B69102 /* OC_GLMain.h */,
				7A6255B01F76A60700B69102 /* OC_GLMain.mm */,
				7AB122DB1E12C7390034AFA1 /* GameProto-Bridging-Header.h */,
			);
			name = cpp;
			sourceTree = "<group>";
		};
		7ABE94D71E114CFF00B37597 = {
			isa = PBXGroup;
			children = (
				7ABE94E21E114CFF00B37597 /* GameProto */,
				7ABE94FB1E114D0000B37597 /* GameProtoTests */,
				7ABE95061E114D0000B37597 /* GameProtoUITests */,
				7ABE94E11E114CFF00B37597 /* Products */,
				7A9850F11F8A7A510038286C /* Frameworks */,
			);
			sourceTree = "<group>";
		};
		7ABE94E11E114CFF00B37597 /* Products */ = {
			isa = PBXGroup;
			children = (
				7ABE94E01E114CFF00B37597 /* GameProto.app */,
				7ABE94F81E114D0000B37597 /* GameProtoTests.xctest */,
				7ABE95031E114D0000B37597 /* GameProtoUITests.xctest */,
			);
			name = Products;
			sourceTree = "<group>";
		};
		7ABE94E21E114CFF00B37597 /* GameProto */ = {
			isa = PBXGroup;
			children = (
				7AEEFE121F6EEB9A009C8A03 /* myGlUtil */,
				7AB122DA1E12C6FF0034AFA1 /* cpp */,
				7ABE94E31E114CFF00B37597 /* AppDelegate.swift */,
				7ABE94E91E114CFF00B37597 /* GameViewController.swift */,
				7ABE94EB1E114D0000B37597 /* Main.storyboard */,
				7ABE94EE1E114D0000B37597 /* Assets.xcassets */,
				7ABE94F01E114D0000B37597 /* LaunchScreen.storyboard */,
				7ABE94F31E114D0000B37597 /* Info.plist */,
				7A473F861F8A5816005DBA23 /* PhotosModel.swift */,
			);
			path = GameProto;
			sourceTree = "<group>";
		};
		7ABE94FB1E114D0000B37597 /* GameProtoTests */ = {
			isa = PBXGroup;
			children = (
				7ABE94FC1E114D0000B37597 /* GameProtoTests.swift */,
				7ABE94FE1E114D0000B37597 /* Info.plist */,
			);
			path = GameProtoTests;
			sourceTree = "<group>";
		};
		7ABE95061E114D0000B37597 /* GameProtoUITests */ = {
			isa = PBXGroup;
			children = (
				7ABE95071E114D0000B37597 /* GameProtoUITests.swift */,
				7ABE95091E114D0000B37597 /* Info.plist */,
			);
			path = GameProtoUITests;
			sourceTree = "<group>";
		};
		7AEEFE121F6EEB9A009C8A03 /* myGlUtil */ = {
			isa = PBXGroup;
			children = (
				7A6255AE1F76A55100B69102 /* SpriteShader.h */,
				7A46B4E11F77F32600A950D4 /* ColorShader.h */,
				7A69AFE81F6EEBF800D41E27 /* gl_lib.h */,
				7A69AFE61F6EEBE800D41E27 /* GLMain.cpp */,
				7A69AFE91F6EEBF800D41E27 /* GLMain.h */,
				7A69AFEA1F6EEBF800D41E27 /* GLMesh.cpp */,
				7A69AFEB1F6EEBF800D41E27 /* GLMesh.h */,
				7A69AFEC1F6EEBF800D41E27 /* GLObjects.cpp */,
				7A69AFED1F6EEBF800D41E27 /* GLObjects.h */,
				7A69AFEE1F6EEBF800D41E27 /* GLObjectsData.h */,
				7A3CEFAE1F809B3E00E54D93 /* GLShader.h */,
				7A0EF5101F76D8B90075E031 /* Log.h */,
				7A46B4DC1F77BD0500A950D4 /* math */,
				7A69AFEF1F6EEBF800D41E27 /* ShaderAttribDef.h */,
				7A69AFF01F6EEBF800D41E27 /* Vertex.h */,
				7A69AFF11F6EEBF800D41E27 /* VideoTextureShader.h */,
				7A94DB671FC094E900B261D6 /* TextureShader.h */,
			);
			name = myGlUtil;
			sourceTree = "<group>";
		};
/* End PBXGroup section */

/* Begin PBXNativeTarget section */
		7ABE94DF1E114CFF00B37597 /* GameProto */ = {
			isa = PBXNativeTarget;
			buildConfigurationList = 7ABE950C1E114D0000B37597 /* Build configuration list for PBXNativeTarget "GameProto" */;
			buildPhases = (
				7ABE94DC1E114CFF00B37597 /* Sources */,
				7ABE94DD1E114CFF00B37597 /* Frameworks */,
				7ABE94DE1E114CFF00B37597 /* Resources */,
			);
			buildRules = (
			);
			dependencies = (
			);
			name = GameProto;
			productName = GameProto;
			productReference = 7ABE94E01E114CFF00B37597 /* GameProto.app */;
			productType = "com.apple.product-type.application";
		};
		7ABE94F71E114D0000B37597 /* GameProtoTests */ = {
			isa = PBXNativeTarget;
			buildConfigurationList = 7ABE950F1E114D0000B37597 /* Build configuration list for PBXNativeTarget "GameProtoTests" */;
			buildPhases = (
				7ABE94F41E114D0000B37597 /* Sources */,
				7ABE94F51E114D0000B37597 /* Frameworks */,
				7ABE94F61E114D0000B37597 /* Resources */,
			);
			buildRules = (
			);
			dependencies = (
				7ABE94FA1E114D0000B37597 /* PBXTargetDependency */,
			);
			name = GameProtoTests;
			productName = GameProtoTests;
			productReference = 7ABE94F81E114D0000B37597 /* GameProtoTests.xctest */;
			productType = "com.apple.product-type.bundle.unit-test";
		};
		7ABE95021E114D0000B37597 /* GameProtoUITests */ = {
			isa = PBXNativeTarget;
			buildConfigurationList = 7ABE95121E114D0000B37597 /* Build configuration list for PBXNativeTarget "GameProtoUITests" */;
			buildPhases = (
				7ABE94FF1E114D0000B37597 /* Sources */,
				7ABE95001E114D0000B37597 /* Frameworks */,
				7ABE95011E114D0000B37597 /* Resources */,
			);
			buildRules = (
			);
			dependencies = (
				7ABE95051E114D0000B37597 /* PBXTargetDependency */,
			);
			name = GameProtoUITests;
			productName = GameProtoUITests;
			productReference = 7ABE95031E114D0000B37597 /* GameProtoUITests.xctest */;
			productType = "com.apple.product-type.bundle.ui-testing";
		};
/* End PBXNativeTarget section */

/* Begin PBXProject section */
		7ABE94D81E114CFF00B37597 /* Project object */ = {
			isa = PBXProject;
			attributes = {
				LastSwiftUpdateCheck = 0820;
				LastUpgradeCheck = 0900;
				ORGANIZATIONNAME = forzaster;
				TargetAttributes = {
					7ABE94DF1E114CFF00B37597 = {
						CreatedOnToolsVersion = 8.2.1;
						LastSwiftMigration = 0900;
						ProvisioningStyle = Automatic;
					};
					7ABE94F71E114D0000B37597 = {
						CreatedOnToolsVersion = 8.2.1;
						DevelopmentTeam = "";
						LastSwiftMigration = 0900;
						ProvisioningStyle = Automatic;
						TestTargetID = 7ABE94DF1E114CFF00B37597;
					};
					7ABE95021E114D0000B37597 = {
						CreatedOnToolsVersion = 8.2.1;
						DevelopmentTeam = "";
						LastSwiftMigration = 0900;
						ProvisioningStyle = Automatic;
						TestTargetID = 7ABE94DF1E114CFF00B37597;
					};
				};
			};
			buildConfigurationList = 7ABE94DB1E114CFF00B37597 /* Build configuration list for PBXProject "GameProto" */;
			compatibilityVersion = "Xcode 3.2";
			developmentRegion = English;
			hasScannedForEncodings = 0;
			knownRegions = (
				en,
				Base,
			);
			mainGroup = 7ABE94D71E114CFF00B37597;
			productRefGroup = 7ABE94E11E114CFF00B37597 /* Products */;
			projectDirPath = "";
			projectReferences = (
				{
					ProductGroup = 7A9850F31F8A7A520038286C /* Products */;
					ProjectRef = 7A9850F21F8A7A520038286C /* Rx.xcodeproj */;
				},
			);
			projectRoot = "";
			targets = (
				7ABE94DF1E114CFF00B37597 /* GameProto */,
				7ABE94F71E114D0000B37597 /* GameProtoTests */,
				7ABE95021E114D0000B37597 /* GameProtoUITests */,
			);
		};
/* End PBXProject section */

/* Begin PBXReferenceProxy section */
		7A98510B1F8A7A520038286C /* RxSwift.framework */ = {
			isa = PBXReferenceProxy;
			fileType = wrapper.framework;
			path = RxSwift.framework;
			remoteRef = 7A98510A1F8A7A520038286C /* PBXContainerItemProxy */;
			sourceTree = BUILT_PRODUCTS_DIR;
		};
		7A98510D1F8A7A520038286C /* RxSwift.framework */ = {
			isa = PBXReferenceProxy;
			fileType = wrapper.framework;
			path = RxSwift.framework;
			remoteRef = 7A98510C1F8A7A520038286C /* PBXContainerItemProxy */;
			sourceTree = BUILT_PRODUCTS_DIR;
		};
		7A98510F1F8A7A520038286C /* RxSwift.framework */ = {
			isa = PBXReferenceProxy;
			fileType = wrapper.framework;
			path = RxSwift.framework;
			remoteRef = 7A98510E1F8A7A520038286C /* PBXContainerItemProxy */;
			sourceTree = BUILT_PRODUCTS_DIR;
		};
		7A9851111F8A7A520038286C /* RxSwift.framework */ = {
			isa = PBXReferenceProxy;
			fileType = wrapper.framework;
			path = RxSwift.framework;
			remoteRef = 7A9851101F8A7A520038286C /* PBXContainerItemProxy */;
			sourceTree = BUILT_PRODUCTS_DIR;
		};
		7A9851131F8A7A520038286C /* RxCocoa.framework */ = {
			isa = PBXReferenceProxy;
			fileType = wrapper.framework;
			path = RxCocoa.framework;
			remoteRef = 7A9851121F8A7A520038286C /* PBXContainerItemProxy */;
			sourceTree = BUILT_PRODUCTS_DIR;
		};
		7A9851151F8A7A520038286C /* RxCocoa.framework */ = {
			isa = PBXReferenceProxy;
			fileType = wrapper.framework;
			path = RxCocoa.framework;
			remoteRef = 7A9851141F8A7A520038286C /* PBXContainerItemProxy */;
			sourceTree = BUILT_PRODUCTS_DIR;
		};
		7A9851171F8A7A520038286C /* RxCocoa.framework */ = {
			isa = PBXReferenceProxy;
			fileType = wrapper.framework;
			path = RxCocoa.framework;
			remoteRef = 7A9851161F8A7A520038286C /* PBXContainerItemProxy */;
			sourceTree = BUILT_PRODUCTS_DIR;
		};
		7A9851191F8A7A520038286C /* RxCocoa.framework */ = {
			isa = PBXReferenceProxy;
			fileType = wrapper.framework;
			path = RxCocoa.framework;
			remoteRef = 7A9851181F8A7A520038286C /* PBXContainerItemProxy */;
			sourceTree = BUILT_PRODUCTS_DIR;
		};
		7A98511B1F8A7A520038286C /* RxBlocking.framework */ = {
			isa = PBXReferenceProxy;
			fileType = wrapper.framework;
			path = RxBlocking.framework;
			remoteRef = 7A98511A1F8A7A520038286C /* PBXContainerItemProxy */;
			sourceTree = BUILT_PRODUCTS_DIR;
		};
		7A98511D1F8A7A520038286C /* RxBlocking.framework */ = {
			isa = PBXReferenceProxy;
			fileType = wrapper.framework;
			path = RxBlocking.framework;
			remoteRef = 7A98511C1F8A7A520038286C /* PBXContainerItemProxy */;
			sourceTree = BUILT_PRODUCTS_DIR;
		};
		7A98511F1F8A7A520038286C /* RxBlocking.framework */ = {
			isa = PBXReferenceProxy;
			fileType = wrapper.framework;
			path = RxBlocking.framework;
			remoteRef = 7A98511E1F8A7A520038286C /* PBXContainerItemProxy */;
			sourceTree = BUILT_PRODUCTS_DIR;
		};
		7A9851211F8A7A520038286C /* RxBlocking.framework */ = {
			isa = PBXReferenceProxy;
			fileType = wrapper.framework;
			path = RxBlocking.framework;
			remoteRef = 7A9851201F8A7A520038286C /* PBXContainerItemProxy */;
			sourceTree = BUILT_PRODUCTS_DIR;
		};
		7A9851231F8A7A520038286C /* RxTest.framework */ = {
			isa = PBXReferenceProxy;
			fileType = wrapper.framework;
			path = RxTest.framework;
			remoteRef = 7A9851221F8A7A520038286C /* PBXContainerItemProxy */;
			sourceTree = BUILT_PRODUCTS_DIR;
		};
		7A9851251F8A7A520038286C /* RxTest.framework */ = {
			isa = PBXReferenceProxy;
			fileType = wrapper.framework;
			path = RxTest.framework;
			remoteRef = 7A9851241F8A7A520038286C /* PBXContainerItemProxy */;
			sourceTree = BUILT_PRODUCTS_DIR;
		};
		7A9851271F8A7A520038286C /* RxTest.framework */ = {
			isa = PBXReferenceProxy;
			fileType = wrapper.framework;
			path = RxTest.framework;
			remoteRef = 7A9851261F8A7A520038286C /* PBXContainerItemProxy */;
			sourceTree = BUILT_PRODUCTS_DIR;
		};
		7A9851291F8A7A520038286C /* RxTest.framework */ = {
			isa = PBXReferenceProxy;
			fileType = wrapper.framework;
			path = RxTest.framework;
			remoteRef = 7A9851281F8A7A520038286C /* PBXContainerItemProxy */;
			sourceTree = BUILT_PRODUCTS_DIR;
		};
		7A98512B1F8A7A520038286C /* AllTests-iOS.xctest */ = {
			isa = PBXReferenceProxy;
			fileType = wrapper.cfbundle;
			path = "AllTests-iOS.xctest";
			remoteRef = 7A98512A1F8A7A520038286C /* PBXContainerItemProxy */;
			sourceTree = BUILT_PRODUCTS_DIR;
		};
		7A98512D1F8A7A520038286C /* AllTests-tvOS.xctest */ = {
			isa = PBXReferenceProxy;
			fileType = wrapper.cfbundle;
			path = "AllTests-tvOS.xctest";
			remoteRef = 7A98512C1F8A7A520038286C /* PBXContainerItemProxy */;
			sourceTree = BUILT_PRODUCTS_DIR;
		};
		7A98512F1F8A7A520038286C /* AllTests-macOS.xctest */ = {
			isa = PBXReferenceProxy;
			fileType = wrapper.cfbundle;
			path = "AllTests-macOS.xctest";
			remoteRef = 7A98512E1F8A7A520038286C /* PBXContainerItemProxy */;
			sourceTree = BUILT_PRODUCTS_DIR;
		};
		7A9851311F8A7A520038286C /* PerformanceTests.app */ = {
			isa = PBXReferenceProxy;
			fileType = wrapper.application;
			name = PerformanceTests.app;
			path = Microoptimizations.app;
			remoteRef = 7A9851301F8A7A520038286C /* PBXContainerItemProxy */;
			sourceTree = BUILT_PRODUCTS_DIR;
		};
		7A9851331F8A7A520038286C /* Benchmarks.xctest */ = {
			isa = PBXReferenceProxy;
			fileType = wrapper.cfbundle;
			path = Benchmarks.xctest;
			remoteRef = 7A9851321F8A7A520038286C /* PBXContainerItemProxy */;
			sourceTree = BUILT_PRODUCTS_DIR;
		};
/* End PBXReferenceProxy section */

/* Begin PBXResourcesBuildPhase section */
		7ABE94DE1E114CFF00B37597 /* Resources */ = {
			isa = PBXResourcesBuildPhase;
			buildActionMask = 2147483647;
			files = (
				7ABE94ED1E114D0000B37597 /* Main.storyboard in Resources */,
				7ABE94EF1E114D0000B37597 /* Assets.xcassets in Resources */,
				7ABE94F21E114D0000B37597 /* LaunchScreen.storyboard in Resources */,
			);
			runOnlyForDeploymentPostprocessing = 0;
		};
		7ABE94F61E114D0000B37597 /* Resources */ = {
			isa = PBXResourcesBuildPhase;
			buildActionMask = 2147483647;
			files = (
			);
			runOnlyForDeploymentPostprocessing = 0;
		};
		7ABE95011E114D0000B37597 /* Resources */ = {
			isa = PBXResourcesBuildPhase;
			buildActionMask = 2147483647;
			files = (
			);
			runOnlyForDeploymentPostprocessing = 0;
		};
/* End PBXResourcesBuildPhase section */

/* Begin PBXSourcesBuildPhase section */
		7ABE94DC1E114CFF00B37597 /* Sources */ = {
			isa = PBXSourcesBuildPhase;
			buildActionMask = 2147483647;
			files = (
				7A473F871F8A5816005DBA23 /* PhotosModel.swift in Sources */,
				7ABE94EA1E114CFF00B37597 /* GameViewController.swift in Sources */,
				7A6255B11F76A60700B69102 /* OC_GLMain.mm in Sources */,
				7A69AFF21F6EEBF800D41E27 /* GLMesh.cpp in Sources */,
				7ABE94E41E114CFF00B37597 /* AppDelegate.swift in Sources */,
				7A69AFE71F6EEBE800D41E27 /* GLMain.cpp in Sources */,
				7A69AFF31F6EEBF800D41E27 /* GLObjects.cpp in Sources */,
			);
			runOnlyForDeploymentPostprocessing = 0;
		};
		7ABE94F41E114D0000B37597 /* Sources */ = {
			isa = PBXSourcesBuildPhase;
			buildActionMask = 2147483647;
			files = (
				7ABE94FD1E114D0000B37597 /* GameProtoTests.swift in Sources */,
			);
			runOnlyForDeploymentPostprocessing = 0;
		};
		7ABE94FF1E114D0000B37597 /* Sources */ = {
			isa = PBXSourcesBuildPhase;
			buildActionMask = 2147483647;
			files = (
				7ABE95081E114D0000B37597 /* GameProtoUITests.swift in Sources */,
			);
			runOnlyForDeploymentPostprocessing = 0;
		};
/* End PBXSourcesBuildPhase section */

/* Begin PBXTargetDependency section */
		7ABE94FA1E114D0000B37597 /* PBXTargetDependency */ = {
			isa = PBXTargetDependency;
			target = 7ABE94DF1E114CFF00B37597 /* GameProto */;
			targetProxy = 7ABE94F91E114D0000B37597 /* PBXContainerItemProxy */;
		};
		7ABE95051E114D0000B37597 /* PBXTargetDependency */ = {
			isa = PBXTargetDependency;
			target = 7ABE94DF1E114CFF00B37597 /* GameProto */;
			targetProxy = 7ABE95041E114D0000B37597 /* PBXContainerItemProxy */;
		};
/* End PBXTargetDependency section */

/* Begin PBXVariantGroup section */
		7ABE94EB1E114D0000B37597 /* Main.storyboard */ = {
			isa = PBXVariantGroup;
			children = (
				7ABE94EC1E114D0000B37597 /* Base */,
			);
			name = Main.storyboard;
			sourceTree = "<group>";
		};
		7ABE94F01E114D0000B37597 /* LaunchScreen.storyboard */ = {
			isa = PBXVariantGroup;
			children = (
				7ABE94F11E114D0000B37597 /* Base */,
			);
			name = LaunchScreen.storyboard;
			sourceTree = "<group>";
		};
/* End PBXVariantGroup section */

/* Begin XCBuildConfiguration section */
		7ABE950A1E114D0000B37597 /* Debug */ = {
			isa = XCBuildConfiguration;
			buildSettings = {
				ALWAYS_SEARCH_USER_PATHS = NO;
				CLANG_ANALYZER_NONNULL = YES;
				CLANG_CXX_LANGUAGE_STANDARD = "gnu++0x";
				CLANG_CXX_LIBRARY = "libc++";
				CLANG_ENABLE_MODULES = YES;
				CLANG_ENABLE_OBJC_ARC = YES;
				CLANG_WARN_BLOCK_CAPTURE_AUTORELEASING = YES;
				CLANG_WARN_BOOL_CONVERSION = YES;
				CLANG_WARN_COMMA = YES;
				CLANG_WARN_CONSTANT_CONVERSION = YES;
				CLANG_WARN_DIRECT_OBJC_ISA_USAGE = YES_ERROR;
				CLANG_WARN_DOCUMENTATION_COMMENTS = YES;
				CLANG_WARN_EMPTY_BODY = YES;
				CLANG_WARN_ENUM_CONVERSION = YES;
				CLANG_WARN_INFINITE_RECURSION = YES;
				CLANG_WARN_INT_CONVERSION = YES;
				CLANG_WARN_NON_LITERAL_NULL_CONVERSION = YES;
				CLANG_WARN_OBJC_LITERAL_CONVERSION = YES;
				CLANG_WARN_OBJC_ROOT_CLASS = YES_ERROR;
				CLANG_WARN_RANGE_LOOP_ANALYSIS = YES;
				CLANG_WARN_STRICT_PROTOTYPES = YES;
				CLANG_WARN_SUSPICIOUS_MOVE = YES;
				CLANG_WARN_UNREACHABLE_CODE = YES;
				CLANG_WARN__DUPLICATE_METHOD_MATCH = YES;
				"CODE_SIGN_IDENTITY[sdk=iphoneos*]" = "iPhone Developer";
				COPY_PHASE_STRIP = NO;
				DEBUG_INFORMATION_FORMAT = dwarf;
				ENABLE_STRICT_OBJC_MSGSEND = YES;
				ENABLE_TESTABILITY = YES;
				GCC_C_LANGUAGE_STANDARD = gnu99;
				GCC_DYNAMIC_NO_PIC = NO;
				GCC_NO_COMMON_BLOCKS = YES;
				GCC_OPTIMIZATION_LEVEL = 0;
				GCC_PREPROCESSOR_DEFINITIONS = (
					"DEBUG=1",
					"$(inherited)",
				);
				GCC_WARN_64_TO_32_BIT_CONVERSION = YES;
				GCC_WARN_ABOUT_RETURN_TYPE = YES_ERROR;
				GCC_WARN_UNDECLARED_SELECTOR = YES;
				GCC_WARN_UNINITIALIZED_AUTOS = YES_AGGRESSIVE;
				GCC_WARN_UNUSED_FUNCTION = YES;
				GCC_WARN_UNUSED_VARIABLE = YES;
				IPHONEOS_DEPLOYMENT_TARGET = 10.2;
				MTL_ENABLE_DEBUG_INFO = YES;
				ONLY_ACTIVE_ARCH = YES;
				SDKROOT = iphoneos;
				SWIFT_ACTIVE_COMPILATION_CONDITIONS = DEBUG;
				SWIFT_OPTIMIZATION_LEVEL = "-Onone";
				SWIFT_SWIFT3_OBJC_INFERENCE = Default;
				TARGETED_DEVICE_FAMILY = "1,2";
			};
			name = Debug;
		};
		7ABE950B1E114D0000B37597 /* Release */ = {
			isa = XCBuildConfiguration;
			buildSettings = {
				ALWAYS_SEARCH_USER_PATHS = NO;
				CLANG_ANALYZER_NONNULL = YES;
				CLANG_CXX_LANGUAGE_STANDARD = "gnu++0x";
				CLANG_CXX_LIBRARY = "libc++";
				CLANG_ENABLE_MODULES = YES;
				CLANG_ENABLE_OBJC_ARC = YES;
				CLANG_WARN_BLOCK_CAPTURE_AUTORELEASING = YES;
				CLANG_WARN_BOOL_CONVERSION = YES;
				CLANG_WARN_COMMA = YES;
				CLANG_WARN_CONSTANT_CONVERSION = YES;
				CLANG_WARN_DIRECT_OBJC_ISA_USAGE = YES_ERROR;
				CLANG_WARN_DOCUMENTATION_COMMENTS = YES;
				CLANG_WARN_EMPTY_BODY = YES;
				CLANG_WARN_ENUM_CONVERSION = YES;
				CLANG_WARN_INFINITE_RECURSION = YES;
				CLANG_WARN_INT_CONVERSION = YES;
				CLANG_WARN_NON_LITERAL_NULL_CONVERSION = YES;
				CLANG_WARN_OBJC_LITERAL_CONVERSION = YES;
				CLANG_WARN_OBJC_ROOT_CLASS = YES_ERROR;
				CLANG_WARN_RANGE_LOOP_ANALYSIS = YES;
				CLANG_WARN_STRICT_PROTOTYPES = YES;
				CLANG_WARN_SUSPICIOUS_MOVE = YES;
				CLANG_WARN_UNREACHABLE_CODE = YES;
				CLANG_WARN__DUPLICATE_METHOD_MATCH = YES;
				"CODE_SIGN_IDENTITY[sdk=iphoneos*]" = "iPhone Developer";
				COPY_PHASE_STRIP = NO;
				DEBUG_INFORMATION_FORMAT = "dwarf-with-dsym";
				ENABLE_NS_ASSERTIONS = NO;
				ENABLE_STRICT_OBJC_MSGSEND = YES;
				GCC_C_LANGUAGE_STANDARD = gnu99;
				GCC_NO_COMMON_BLOCKS = YES;
				GCC_PREPROCESSOR_DEFINITIONS = "";
				GCC_WARN_64_TO_32_BIT_CONVERSION = YES;
				GCC_WARN_ABOUT_RETURN_TYPE = YES_ERROR;
				GCC_WARN_UNDECLARED_SELECTOR = YES;
				GCC_WARN_UNINITIALIZED_AUTOS = YES_AGGRESSIVE;
				GCC_WARN_UNUSED_FUNCTION = YES;
				GCC_WARN_UNUSED_VARIABLE = YES;
				IPHONEOS_DEPLOYMENT_TARGET = 10.2;
				MTL_ENABLE_DEBUG_INFO = NO;
				SDKROOT = iphoneos;
				SWIFT_OPTIMIZATION_LEVEL = "-Owholemodule";
				SWIFT_SWIFT3_OBJC_INFERENCE = Default;
				TARGETED_DEVICE_FAMILY = "1,2";
				VALIDATE_PRODUCT = YES;
			};
			name = Release;
		};
		7ABE950D1E114D0000B37597 /* Debug */ = {
			isa = XCBuildConfiguration;
			buildSettings = {
				ASSETCATALOG_COMPILER_APPICON_NAME = AppIcon;
				CLANG_ENABLE_MODULES = YES;
				DEVELOPMENT_TEAM = "";
				INFOPLIST_FILE = GameProto/Info.plist;
				LD_RUNPATH_SEARCH_PATHS = "$(inherited) @executable_path/Frameworks";
				PRODUCT_BUNDLE_IDENTIFIER = com.forzaster.GameProto;
				PRODUCT_NAME = "$(TARGET_NAME)";
				SWIFT_OBJC_BRIDGING_HEADER = "GameProto/GameProto-Bridging-Header.h";
				SWIFT_OPTIMIZATION_LEVEL = "-Onone";
				SWIFT_SWIFT3_OBJC_INFERENCE = Default;
				SWIFT_VERSION = 4.0;
			};
			name = Debug;
		};
		7ABE950E1E114D0000B37597 /* Release */ = {
			isa = XCBuildConfiguration;
			buildSettings = {
				ASSETCATALOG_COMPILER_APPICON_NAME = AppIcon;
				CLANG_ENABLE_MODULES = YES;
				DEVELOPMENT_TEAM = "";
				INFOPLIST_FILE = GameProto/Info.plist;
				LD_RUNPATH_SEARCH_PATHS = "$(inherited) @executable_path/Frameworks";
				PRODUCT_BUNDLE_IDENTIFIER = com.forzaster.GameProto;
				PRODUCT_NAME = "$(TARGET_NAME)";
				SWIFT_OBJC_BRIDGING_HEADER = "GameProto/GameProto-Bridging-Header.h";
				SWIFT_SWIFT3_OBJC_INFERENCE = Default;
				SWIFT_VERSION = 4.0;
			};
			name = Release;
		};
		7ABE95101E114D0000B37597 /* Debug */ = {
			isa = XCBuildConfiguration;
			buildSettings = {
				ALWAYS_EMBED_SWIFT_STANDARD_LIBRARIES = YES;
				BUNDLE_LOADER = "$(TEST_HOST)";
				INFOPLIST_FILE = GameProtoTests/Info.plist;
				LD_RUNPATH_SEARCH_PATHS = "$(inherited) @executable_path/Frameworks @loader_path/Frameworks";
				PRODUCT_BUNDLE_IDENTIFIER = com.forzaster.GameProtoTests;
				PRODUCT_NAME = "$(TARGET_NAME)";
				SWIFT_SWIFT3_OBJC_INFERENCE = Default;
				SWIFT_VERSION = 4.0;
				TEST_HOST = "$(BUILT_PRODUCTS_DIR)/GameProto.app/GameProto";
			};
			name = Debug;
		};
		7ABE95111E114D0000B37597 /* Release */ = {
			isa = XCBuildConfiguration;
			buildSettings = {
				ALWAYS_EMBED_SWIFT_STANDARD_LIBRARIES = YES;
				BUNDLE_LOADER = "$(TEST_HOST)";
				INFOPLIST_FILE = GameProtoTests/Info.plist;
				LD_RUNPATH_SEARCH_PATHS = "$(inherited) @executable_path/Frameworks @loader_path/Frameworks";
				PRODUCT_BUNDLE_IDENTIFIER = com.forzaster.GameProtoTests;
				PRODUCT_NAME = "$(TARGET_NAME)";
				SWIFT_SWIFT3_OBJC_INFERENCE = Default;
				SWIFT_VERSION = 4.0;
				TEST_HOST = "$(BUILT_PRODUCTS_DIR)/GameProto.app/GameProto";
			};
			name = Release;
		};
		7ABE95131E114D0000B37597 /* Debug */ = {
			isa = XCBuildConfiguration;
			buildSettings = {
				ALWAYS_EMBED_SWIFT_STANDARD_LIBRARIES = YES;
				INFOPLIST_FILE = GameProtoUITests/Info.plist;
				LD_RUNPATH_SEARCH_PATHS = "$(inherited) @executable_path/Frameworks @loader_path/Frameworks";
				PRODUCT_BUNDLE_IDENTIFIER = com.forzaster.GameProtoUITests;
				PRODUCT_NAME = "$(TARGET_NAME)";
				SWIFT_SWIFT3_OBJC_INFERENCE = Default;
				SWIFT_VERSION = 4.0;
				TEST_TARGET_NAME = GameProto;
			};
			name = Debug;
		};
		7ABE95141E114D0000B37597 /* Release */ = {
			isa = XCBuildConfiguration;
			buildSettings = {
				ALWAYS_EMBED_SWIFT_STANDARD_LIBRARIES = YES;
				INFOPLIST_FILE = GameProtoUITests/Info.plist;
				LD_RUNPATH_SEARCH_PATHS = "$(inherited) @executable_path/Frameworks @loader_path/Frameworks";
				PRODUCT_BUNDLE_IDENTIFIER = com.forzaster.GameProtoUITests;
				PRODUCT_NAME = "$(TARGET_NAME)";
				SWIFT_SWIFT3_OBJC_INFERENCE = Default;
				SWIFT_VERSION = 4.0;
				TEST_TARGET_NAME = GameProto;
			};
			name = Release;
		};
/* End XCBuildConfiguration section */

/* Begin XCConfigurationList section */
		7ABE94DB1E114CFF00B37597 /* Build configuration list for PBXProject "GameProto" */ = {
			isa = XCConfigurationList;
			buildConfigurations = (
				7ABE950A1E114D0000B37597 /* Debug */,
				7ABE950B1E114D0000B37597 /* Release */,
			);
			defaultConfigurationIsVisible = 0;
			defaultConfigurationName = Release;
		};
		7ABE950C1E114D0000B37597 /* Build configuration list for PBXNativeTarget "GameProto" */ = {
			isa = XCConfigurationList;
			buildConfigurations = (
				7ABE950D1E114D0000B37597 /* Debug */,
				7ABE950E1E114D0000B37597 /* Release */,
			);
			defaultConfigurationIsVisible = 0;
			defaultConfigurationName = Release;
		};
		7ABE950F1E114D0000B37597 /* Build configuration list for PBXNativeTarget "GameProtoTests" */ = {
			isa = XCConfigurationList;
			buildConfigurations = (
				7ABE95101E114D0000B37597 /* Debug */,
				7ABE95111E114D0000B37597 /* Release */,
			);
			defaultConfigurationIsVisible = 0;
			defaultConfigurationName = Release;
		};
		7ABE95121E114D0000B37597 /* Build configuration list for PBXNativeTarget "GameProtoUITests" */ = {
			isa = XCConfigurationList;
			buildConfigurations = (
				7ABE95131E114D0000B37597 /* Debug */,
				7ABE95141E114D0000B37597 /* Release */,
			);
			defaultConfigurationIsVisible = 0;
			defaultConfigurationName = Release;
		};
/* End XCConfigurationList section */
	};
	rootObject = 7ABE94D81E114CFF00B37597 /* Project object */;
}
